{
  "lockfileVersion": 2,
  "configVersion": 1,
  "workspaces": {
    "": {
      "dependencies": {
        "@swc/core": "^1.16.1",
      },
      "devDependencies": {
        "rolldown": "^1.2.6",
      },
    },
  },
  "packages": {
    "@oxc-project/types": ["@oxc-project/types@0.147.0", "", {}, "sha512-IJ3s6ltHLp45S0bh7phkX+gJO7A1Wuz2EaqpAhb8WjqDwbzMiWKHhyyT42tskaWjEYXtHtVCPpnBJVT9+dcRLg=="],

    "@rolldown/binding-android-arm-eabi": ["@rolldown/binding-android-arm-eabi@1.2.6", "", { "os": "android", "cpu": "arm" }, "sha512-b+jTcARdTiFLI6jB4a5XjTm0RWd6KcRfQj/I2356fxUZemiho9zQLxo0RtCuMDAyKcLo6cEltkgbQp6d1+sjjQ=="],

    "@rolldown/binding-android-arm64": ["@rolldown/binding-android-arm64@1.2.6", "", { "os": "android", "cpu": "arm64" }, "sha512-lkWU8ZJaRk9q3CIEY1Tc7vIFALp3Xw5NfGJo2hQg5oIqNgxWi1zI+IiDEK3r70BF5Dzol1tcXsnzsRc8NLhG+Q=="],

    "@rolldown/binding-darwin-arm64": ["@rolldown/binding-darwin-arm64@1.2.6", "", { "os": "darwin", "cpu": "arm64" }, "sha512-dgR56NYnvAszm7Ob1B2/Vn0e8bUQYZH2UjVaMMtMVOCKFSfjhfLmuA/9+O+F+ajUdG6B/bSssrKW6JJYASa8jA=="],

    "@rolldown/binding-darwin-x64": ["@rolldown/binding-darwin-x64@1.2.6", "", { "os": "darwin", "cpu": "x64" }, "sha512-vpVxFvUCFioJqug7OTvqptkc4yb8UX0AwfDmJpaR/0sWz+BUmqSVAf7c8JkUgnN8YLspb4a/N6NhTyMAmdyQ7Q=="],

    "@rolldown/binding-freebsd-x64": ["@rolldown/binding-freebsd-x64@1.2.6", "", { "os": "freebsd", "cpu": "x64" }, "sha512-h1wG6Y6K3JlRswxsI64qQJqBAy4vrLuHgRbc8CZMGSWTOFRY6ghMApM1NKzB2I0n5xV1fjkE18SuVl2QpLeNpA=="],

    "@rolldown/binding-linux-arm-gnueabihf": ["@rolldown/binding-linux-arm-gnueabihf@1.2.6", "", { "os": "linux", "cpu": "arm" }, "sha512-tbCiqub0q2MVWJKgF5PoAlNWCtQydiOYSLIkd8sByqK/6MMYLJRcSXSYodqYtd0O+Fw7QaVmKKlS4oL94YRZ0w=="],

    "@rolldown/binding-linux-arm64-gnu": ["@rolldown/binding-linux-arm64-gnu@1.2.6", "", { "os": "linux", "cpu": "arm64" }, "sha512-oxK9+baEBPhZG5HB4URY+uU04zJWeZlH6Tb9rB5DK4DF9XR1uXNLXt5Q5ZsugTKayNCNLhkcwz/ye74hRI98dg=="],

    "@rolldown/binding-linux-arm64-musl": ["@rolldown/binding-linux-arm64-musl@1.2.6", "", { "os": "linux", "cpu": "arm64" }, "sha512-muWCk27FVBEZtv0MsK8gnfSmgczA8KQ0uRVJbTABKhkRfQc38aUrcb7fhi3BNiyseFmgcRsoMfQsSNJ+DbZdSw=="],

    "@rolldown/binding-linux-ppc64-gnu": ["@rolldown/binding-linux-ppc64-gnu@1.2.6", "", { "os": "linux", "cpu": "ppc64" }, "sha512-eWDoSfU7Co2qj3vgB3Dt4lj1mG6CoWbcJQkRMP3XJplyCMtuaq3LHvPFjS9QIPvMGWVadJC04Xiy0IdcVPtnwQ=="],

    "@rolldown/binding-linux-s390x-gnu": ["@rolldown/binding-linux-s390x-gnu@1.2.6", "", { "os": "linux", "cpu": "s390x" }, "sha512-2bWNjRSIayvupRKxXUY2tWG9fYdoUlTqWywHRvE8Eq3GvuQ+f2HeIkve697fIt+IQs/PV8yFsdWuhp1aJ1PdnA=="],

    "@rolldown/binding-linux-x64-gnu": ["@rolldown/binding-linux-x64-gnu@1.2.6", "", { "os": "linux", "cpu": "x64" }, "sha512-KekI0gS0wLxe1UBSQSjenBVwou/JkcQPDzBPICGZjxUv9k3RteHDPBQaiOicZUFKRIH2wKEimGwVpnJsbPzu7w=="],

    "@rolldown/binding-linux-x64-musl": ["@rolldown/binding-linux-x64-musl@1.2.6", "", { "os": "linux", "cpu": "x64" }, "sha512-TvtPnfVr+HtyGiDmPK4VWmlNm7QhNNAcK5Q9A7aOXsI8545yCyaoMaicXrFZ72JzeYjaUVk7yT243zT0jzjFKQ=="],

    "@rolldown/binding-openharmony-arm64": ["@rolldown/binding-openharmony-arm64@1.2.6", "", { "os": "none", "cpu": "arm64" }, "sha512-iOo0VEay2XFhaCcH0sps5XIimkSuOnNaZrf6+ZkoSOQBJPKNU48RkmJv0/lSpipexu5P+ouFgafe5IGr/DiQfg=="],

    "@rolldown/binding-win32-arm64-msvc": ["@rolldown/binding-win32-arm64-msvc@1.2.6", "", { "os": "win32", "cpu": "arm64" }, "sha512-y5NTmmasMS455JlOCO4ZM9krIchv3Mvm1crL1iUPGOPgEzSkves9n0SdC5Sjz6+qWDFhd8/JpfWMH8NSWNHe+A=="],

    "@rolldown/binding-win32-x64-msvc": ["@rolldown/binding-win32-x64-msvc@1.2.6", "", { "os": "win32", "cpu": "x64" }, "sha512-np8iZSLfXlAD4kWhiyq/u0Yt8oZDtRQ8lGhQaCXo2rl37KNjeU0GjJuwr4P3oeZ++ROfofsKNBqR5LTO8aXyWQ=="],

    "@rolldown/pluginutils": ["@rolldown/pluginutils@1.0.1", "", {}, "sha512-2j9bGt5Jh8hj+vPtgzPtl72j0yRxHAyumoo6TNfAjsLB04UtpSvPbPcDcBMxz7n+9CYB0c1GxQFxYRg2jimqGw=="],

    "@swc/core": ["@swc/core@1.16.1", "", { "dependencies": { "@swc/counter": "^0.1.3", "@swc/types": "^0.1.28" }, "optionalDependencies": { "@swc/core-darwin-arm64": "1.16.1", "@swc/core-darwin-x64": "1.16.1", "@swc/core-linux-arm-gnueabihf": "1.16.1", "@swc/core-linux-arm64-gnu": "1.16.1", "@swc/core-linux-arm64-musl": "1.16.1", "@swc/core-linux-ppc64-gnu": "1.16.1", "@swc/core-linux-s390x-gnu": "1.16.1", "@swc/core-linux-x64-gnu": "1.16.1", "@swc/core-linux-x64-musl": "1.16.1", "@swc/core-win32-arm64-msvc": "1.16.1", "@swc/core-win32-ia32-msvc": "1.16.1", "@swc/core-win32-x64-msvc": "1.16.1" }, "peerDependencies": { "@swc/helpers": ">=0.5.17" }, "optionalPeers": ["@swc/helpers"] }, "sha512-nUaeu91O5QZKrQdaDCHd402ogUIoNOOjpkZNq0UomWK0G6gDaGmLhvddF1/3BXf5O8aLyo6ZPY/aMDWvaJQ/hg=="],

    "@swc/core-darwin-arm64": ["@swc/core-darwin-arm64@1.16.1", "", { "os": "darwin", "cpu": "arm64" }, "sha512-zlJblJ8ncErD43lKdxjbUaUskJQf+LxiPXYcWXD8/8ZMV+7uuAT+CwjciLXpyZBd5Pq/S726bMpeeAwSeL1hhg=="],

    "@swc/core-darwin-x64": ["@swc/core-darwin-x64@1.16.1", "", { "os": "darwin", "cpu": "x64" }, "sha512-IN0BmPWb0YAh/17mmlWB/HDBtTw2MfuW4hulf/tQAgTQBRH17l+z499bNJLK6LizSjqs0P7V+jU38Zj+vJC1DA=="],

    "@swc/core-linux-arm-gnueabihf": ["@swc/core-linux-arm-gnueabihf@1.16.1", "", { "os": "linux", "cpu": "arm" }, "sha512-EYgrx2YOCQ2Twz2S793kqNjPkpvYVUPzzR95bIb7by+VQcyaai4lZZ2iz/tZvcFVKSNcN3/JTKwx+aBn2ZL52A=="],

    "@swc/core-linux-arm64-gnu": ["@swc/core-linux-arm64-gnu@1.16.1", "", { "os": "linux", "cpu": "arm64" }, "sha512-moyKm0YZlHdHohzm1YwgAyesqnE853rO0REMfJLFAova51wF9BNi+3ZW2PeS7Vqvn6HeJuepLpAHbBdZctxpHA=="],

    "@swc/core-linux-arm64-musl": ["@swc/core-linux-arm64-musl@1.16.1", "", { "os": "linux", "cpu": "arm64" }, "sha512-kKGBO9wdapiSzuf5ZzZ2fYtlu1BNSYtIIUxvH1ir/gcelTOREEHGDCLTDFx/2Knf878nU11A40z7LxwasEFxqA=="],

    "@swc/core-linux-ppc64-gnu": ["@swc/core-linux-ppc64-gnu@1.16.1", "", { "os": "linux", "cpu": "ppc64" }, "sha512-nZ6qahtLxC3PM54cWOQZHxt4lTCF/3J4LIoWWzz6v7A+rLs8Dx54anYQf7mH3eIi8KlNpgKci/ie8ZSqFN8O7A=="],

    "@swc/core-linux-s390x-gnu": ["@swc/core-linux-s390x-gnu@1.16.1", "", { "os": "linux", "cpu": "s390x" }, "sha512-4ji5PNzhYq193Z4/4xUaSoNJza6iCkDJSzhetrbB6KOYxsr+kxtQr8ePWhMJUiMt6JUWtXaZ1PYT8FhtED+nGA=="],

    "@swc/core-linux-x64-gnu": ["@swc/core-linux-x64-gnu@1.16.1", "", { "os": "linux", "cpu": "x64" }, "sha512-VJQxqrisHV+B394IgrOu8YsIIXZgffnf5tO+yc9Z/hoUpuZEvuQTjWwlnpZdpyD+0nx6LTD1/3k646JYm43yJA=="],

    "@swc/core-linux-x64-musl": ["@swc/core-linux-x64-musl@1.16.1", "", { "os": "linux", "cpu": "x64" }, "sha512-r9oV1mwxxsIGcLV1IQ/tw76MW3doatKze1QFWuC+a7QqJUkhY/bKTSVk6NpKKUGm2LDsE33Va8VqSClfA7vSiQ=="],

    "@swc/core-win32-arm64-msvc": ["@swc/core-win32-arm64-msvc@1.16.1", "", { "os": "win32", "cpu": "arm64" }, "sha512-6huNRessoBLxWEqBm5zJXyCQ27TO7anvkdiuQ5MDO4CJni0nOXEqKtV9RllQ2TdyENKKsUMXVnIfW2hIXx/R5Q=="],

    "@swc/core-win32-ia32-msvc": ["@swc/core-win32-ia32-msvc@1.16.1", "", { "os": "win32", "cpu": "ia32" }, "sha512-OVKJFUzphrGmsh+BGtcZDesx0YryV7/Yvy5XGgTqnrZfjnyfcr5uaqYQugCckdIlupc5Vs3XtDjRAj12z4ZPlw=="],

    "@swc/core-win32-x64-msvc": ["@swc/core-win32-x64-msvc@1.16.1", "", { "os": "win32", "cpu": "x64" }, "sha512-Bt+VIhWYCGk4urklnkkteLUOeLv1VxigwTCeB/xC6rBZxY6IIKdDwCJf6on3E3SUGsIqmQS6QqtuJQc1VxF4Aw=="],

    "@swc/counter": ["@swc/counter@0.1.3", "", {}, "sha512-e2BR4lsJkkRlKZ/qCHPw9ZaSxc0MVUd7gtbtaB7aMvHeJVYe8sOB8DBZkP2DtISHGSku9sCK6T6cnY0CtXrOCQ=="],

    "@swc/types": ["@swc/types@0.1.28", "", { "dependencies": { "@swc/counter": "^0.1.3" } }, "sha512-V6Mnml8v09QALx6K0elJ7o9K/MkVDtW3t6L+7Ou/JcWtb3xwId2AH4FeOceySd2JaO87IMw4+6vSZxLm34LPbw=="],

    "rolldown": ["rolldown@1.2.6", "", { "dependencies": { "@oxc-project/types": "=0.147.0", "@rolldown/pluginutils": "^1.0.0" }, "optionalDependencies": { "@rolldown/binding-android-arm-eabi": "1.2.6", "@rolldown/binding-android-arm64": "1.2.6", "@rolldown/binding-darwin-arm64": "1.2.6", "@rolldown/binding-darwin-x64": "1.2.6", "@rolldown/binding-freebsd-x64": "1.2.6", "@rolldown/binding-linux-arm-gnueabihf": "1.2.6", "@rolldown/binding-linux-arm64-gnu": "1.2.6", "@rolldown/binding-linux-arm64-musl": "1.2.6", "@rolldown/binding-linux-ppc64-gnu": "1.2.6", "@rolldown/binding-linux-s390x-gnu": "1.2.6", "@rolldown/binding-linux-x64-gnu": "1.2.6", "@rolldown/binding-linux-x64-musl": "1.2.6", "@rolldown/binding-openharmony-arm64": "1.2.6", "@rolldown/binding-win32-arm64-msvc": "1.2.6", "@rolldown/binding-win32-x64-msvc": "1.2.6" }, "bin": { "rolldown": "./bin/cli.mjs" } }, "sha512-vMM4q3aixf46GiF1Kok8jDPFsEpXgFWGjUHXNkNHNm+Y2adXAG2dbX91jkti3i0ZRsOlcmbuzAz1poObSHCmUA=="],
  }
}
